
Microsoft Visual Studio Solution File, Format Version 12.00
# Visual Studio 14
VisualStudioVersion = 14.0.25420.1
MinimumVisualStudioVersion = 10.0.40219.1
Project("{FAE04EC0-301F-11D3-BF4B-00C04F79EFBC}") = "WebDLL", "WebDLL\WebDLL.csproj", "{346530CD-B814-4DED-B38A-AF1A7A72D27C}"
EndProject
Project("{FAE04EC0-301F-11D3-BF4B-00C04F79EFBC}") = "WebServer", "WebServer\WebServer.csproj", "{CC705E95-5350-42EA-8F78-323E4E9A9D67}"
EndProject
Project("{FAE04EC0-301F-11D3-BF4B-00C04F79EFBC}") = "WebUI", "WebUIN\WebUI.csproj", "{A32B9BDA-F005-4791-B88D-3598DB840412}"
EndProject
Global
	GlobalSection(SolutionConfigurationPlatforms) = preSolution
		Debug|Any CPU = Debug|Any CPU
		Release|Any CPU = Release|Any CPU
	EndGlobalSection
	GlobalSection(ProjectConfigurationPlatforms) = postSolution
		{346530CD-B814-4DED-B38A-AF1A7A72D27C}.Debug|Any CPU.ActiveCfg = Debug|Any CPU
		{346530CD-B814-4DED-B38A-AF1A7A72D27C}.Debug|Any CPU.Build.0 = Debug|Any CPU
		{346530CD-B814-4DED-B38A-AF1A7A72D27C}.Release|Any CPU.ActiveCfg = Release|Any CPU
		{346530CD-B814-4DED-B38A-AF1A7A72D27C}.Release|Any CPU.Build.0 = Release|Any CPU
		{CC705E95-5350-42EA-8F78-323E4E9A9D67}.Debug|Any CPU.ActiveCfg = Debug|Any CPU
		{CC705E95-5350-42EA-8F78-323E4E9A9D67}.Debug|Any CPU.Build.0 = Debug|Any CPU
		{CC705E95-5350-42EA-8F78-323E4E9A9D67}.Release|Any CPU.ActiveCfg = Release|Any CPU
		{CC705E95-5350-42EA-8F78-323E4E9A9D67}.Release|Any CPU.Build.0 = Release|Any CPU
		{A32B9BDA-F005-4791-B88D-3598DB840412}.Debug|Any CPU.ActiveCfg = Debug|Any CPU
		{A32B9BDA-F005-4791-B88D-3598DB840412}.Debug|Any CPU.Build.0 = Debug|Any CPU
		{A32B9BDA-F005-4791-B88D-3598DB840412}.Release|Any CPU.ActiveCfg = Release|Any CPU
		{A32B9BDA-F005-4791-B88D-3598DB840412}.Release|Any CPU.Build.0 = Release|Any CPU
	EndGlobalSection
	GlobalSection(SolutionProperties) = preSolution
		HideSolutionNode = FALSE
	EndGlobalSection
EndGlobal
